
Microsoft Visual Studio Solution File, Format Version 12.00
# Visual Studio 14
VisualStudioVersion = 14.0.25420.1
MinimumVisualStudioVersion = 10.0.40219.1
Project("{FAE04EC0-301F-11D3-BF4B-00C04F79EFBC}") = "HastaneOtomasyonOS", "HastaneOtomasyonOS\HastaneOtomasyonOS.csproj", "{9767EACB-5A39-40BE-9833-AD032E6DD7CD}"
EndProject
Project("{FAE04EC0-301F-11D3-BF4B-00C04F79EFBC}") = "HastaneLib", "HastaneLib\HastaneLib.csproj", "{47364482-3488-4036-B38D-2B7B2BCEC0FA}"
EndProject
Global
	GlobalSection(SolutionConfigurationPlatforms) = preSolution
		Debug|Any CPU = Debug|Any CPU
		Release|Any CPU = Release|Any CPU
	EndGlobalSection
	GlobalSection(ProjectConfigurationPlatforms) = postSolution
		{9767EACB-5A39-40BE-9833-AD032E6DD7CD}.Debug|Any CPU.ActiveCfg = Debug|Any CPU
		{9767EACB-5A39-40BE-9833-AD032E6DD7CD}.Debug|Any CPU.Build.0 = Debug|Any CPU
		{9767EACB-5A39-40BE-9833-AD032E6DD7CD}.Release|Any CPU.ActiveCfg = Release|Any CPU
		{9767EACB-5A39-40BE-9833-AD032E6DD7CD}.Release|Any CPU.Build.0 = Release|Any CPU
		{47364482-3488-4036-B38D-2B7B2BCEC0FA}.Debug|Any CPU.ActiveCfg = Debug|Any CPU
		{47364482-3488-4036-B38D-2B7B2BCEC0FA}.Debug|Any CPU.Build.0 = Debug|Any CPU
		{47364482-3488-4036-B38D-2B7B2BCEC0FA}.Release|Any CPU.ActiveCfg = Release|Any CPU
		{47364482-3488-4036-B38D-2B7B2BCEC0FA}.Release|Any CPU.Build.0 = Release|Any CPU
	EndGlobalSection
	GlobalSection(SolutionProperties) = preSolution
		HideSolutionNode = FALSE
	EndGlobalSection
	GlobalSection(TeamFoundationVersionControl) = preSolution
		SccNumberOfProjects = 3
		SccEnterpriseProvider = {4CA58AB2-18FA-4F8D-95D4-32DDF27D184C}
		SccTeamFoundationServer = https://tolgausug.visualstudio.com/
		SccLocalPath0 = .
		SccProjectUniqueName1 = HastaneOtomasyonOS\\HastaneOtomasyonOS.csproj
		SccProjectName1 = HastaneOtomasyonOS
		SccLocalPath1 = HastaneOtomasyonOS
		SccProjectUniqueName2 = HastaneLib\\HastaneLib.csproj
		SccProjectName2 = HastaneLib
		SccLocalPath2 = HastaneLib
	EndGlobalSection
EndGlobal
